
Microsoft Visual Studio Solution File, Format Version 12.00
# Visual Studio Version 17
VisualStudioVersion = 17.14.36915.13 d17.14
MinimumVisualStudioVersion = 10.0.40219.1
Project("{FAE04EC0-301F-11D3-BF4B-00C04F79EFBC}") = "RegistroOrdenes", "RegistroOrdenes\RegistroOrdenes.csproj", "{6F386665-BA03-4A32-9269-EDAACE0C4285}"
EndProject
Global
	GlobalSection(SolutionConfigurationPlatforms) = preSolution
		Debug|Any CPU = Debug|Any CPU
		Release|Any CPU = Release|Any CPU
	EndGlobalSection
	GlobalSection(ProjectConfigurationPlatforms) = postSolution
		{6F386665-BA03-4A32-9269-EDAACE0C4285}.Debug|Any CPU.ActiveCfg = Debug|Any CPU
		{6F386665-BA03-4A32-9269-EDAACE0C4285}.Debug|Any CPU.Build.0 = Debug|Any CPU
		{6F386665-BA03-4A32-9269-EDAACE0C4285}.Release|Any CPU.ActiveCfg = Release|Any CPU
		{6F386665-BA03-4A32-9269-EDAACE0C4285}.Release|Any CPU.Build.0 = Release|Any CPU
	EndGlobalSection
	GlobalSection(SolutionProperties) = preSolution
		HideSolutionNode = FALSE
	EndGlobalSection
	GlobalSection(ExtensibilityGlobals) = postSolution
		SolutionGuid = {68870B61-2DBD-4E01-85DE-61B56C54ED4A}
	EndGlobalSection
EndGlobal
